
Microsoft Visual Studio Solution File, Format Version 10.00
# Visual Studio 2008
Project("{FAE04EC0-301F-11D3-BF4B-00C04F79EFBC}") = "ServerFisio", "ServerFisio\ServerFisio.csproj", "{43DE0879-C04D-465F-B19D-82B1C949B122}"
EndProject
Project("{54435603-DBB4-11D2-8724-00A0C9A8B90C}") = "Setup1", "Setup1\Setup1.vdproj", "{5D565BE7-BC7F-4047-916F-6DEC62B6F8A4}"
EndProject
Global
	GlobalSection(SolutionConfigurationPlatforms) = preSolution
		Debug|Any CPU = Debug|Any CPU
		Release|Any CPU = Release|Any CPU
	EndGlobalSection
	GlobalSection(ProjectConfigurationPlatforms) = postSolution
		{43DE0879-C04D-465F-B19D-82B1C949B122}.Debug|Any CPU.ActiveCfg = Debug|Any CPU
		{43DE0879-C04D-465F-B19D-82B1C949B122}.Debug|Any CPU.Build.0 = Debug|Any CPU
		{43DE0879-C04D-465F-B19D-82B1C949B122}.Release|Any CPU.ActiveCfg = Release|Any CPU
		{43DE0879-C04D-465F-B19D-82B1C949B122}.Release|Any CPU.Build.0 = Release|Any CPU
		{5D565BE7-BC7F-4047-916F-6DEC62B6F8A4}.Debug|Any CPU.ActiveCfg = Debug
		{5D565BE7-BC7F-4047-916F-6DEC62B6F8A4}.Release|Any CPU.ActiveCfg = Release
	EndGlobalSection
	GlobalSection(SolutionProperties) = preSolution
		HideSolutionNode = FALSE
	EndGlobalSection
EndGlobal
